
Microsoft Visual Studio Solution File, Format Version 12.00
# Visual Studio Version 17
VisualStudioVersion = 17.0.31903.59
MinimumVisualStudioVersion = 10.0.40219.1
Project("{2150E333-8FDC-42A3-9474-1A3956D46DE8}") = "src", "src", "{827E0CD3-B72D-47B6-A68D-7590B98EB39B}"
EndProject
Project("{FAE04EC0-301F-11D3-BF4B-00C04F79EFBC}") = "API", "src\API\API.csproj", "{6AD0DF73-D115-40E1-B017-12275538046B}"
EndProject
Project("{FAE04EC0-301F-11D3-BF4B-00C04F79EFBC}") = "Application", "src\Application\Application.csproj", "{E4EFFA70-CEBC-485C-9652-897852CC8EAE}"
EndProject
Project("{FAE04EC0-301F-11D3-BF4B-00C04F79EFBC}") = "Domain", "src\Domain\Domain.csproj", "{A482CCE5-BC09-45C0-AF20-20AE05526C29}"
EndProject
Project("{FAE04EC0-301F-11D3-BF4B-00C04F79EFBC}") = "Persistence", "src\Persistence\Persistence.csproj", "{211511D2-9624-4FF5-979C-EEBB78A5173C}"
EndProject
Project("{FAE04EC0-301F-11D3-BF4B-00C04F79EFBC}") = "Infrastructure", "src\Infrastructure\Infrastructure.csproj", "{1892C7D2-6C01-498A-B96D-88CCE7017417}"
EndProject
Project("{2150E333-8FDC-42A3-9474-1A3956D46DE8}") = "Solution Items", "Solution Items", "{02EA681E-C7D8-13C7-8484-4AC65E1B71E8}"
	ProjectSection(SolutionItems) = preProject
		.editorconfig = .editorconfig
	EndProjectSection
EndProject
Global
	GlobalSection(SolutionConfigurationPlatforms) = preSolution
		Debug|Any CPU = Debug|Any CPU
		Debug|x64 = Debug|x64
		Debug|x86 = Debug|x86
		Release|Any CPU = Release|Any CPU
		Release|x64 = Release|x64
		Release|x86 = Release|x86
	EndGlobalSection
	GlobalSection(ProjectConfigurationPlatforms) = postSolution
		{6AD0DF73-D115-40E1-B017-12275538046B}.Debug|Any CPU.ActiveCfg = Debug|Any CPU
		{6AD0DF73-D115-40E1-B017-12275538046B}.Debug|Any CPU.Build.0 = Debug|Any CPU
		{6AD0DF73-D115-40E1-B017-12275538046B}.Debug|x64.ActiveCfg = Debug|Any CPU
		{6AD0DF73-D115-40E1-B017-12275538046B}.Debug|x64.Build.0 = Debug|Any CPU
		{6AD0DF73-D115-40E1-B017-12275538046B}.Debug|x86.ActiveCfg = Debug|Any CPU
		{6AD0DF73-D115-40E1-B017-12275538046B}.Debug|x86.Build.0 = Debug|Any CPU
		{6AD0DF73-D115-40E1-B017-12275538046B}.Release|Any CPU.ActiveCfg = Release|Any CPU
		{6AD0DF73-D115-40E1-B017-12275538046B}.Release|Any CPU.Build.0 = Release|Any CPU
		{6AD0DF73-D115-40E1-B017-12275538046B}.Release|x64.ActiveCfg = Release|Any CPU
		{6AD0DF73-D115-40E1-B017-12275538046B}.Release|x64.Build.0 = Release|Any CPU
		{6AD0DF73-D115-40E1-B017-12275538046B}.Release|x86.ActiveCfg = Release|Any CPU
		{6AD0DF73-D115-40E1-B017-12275538046B}.Release|x86.Build.0 = Release|Any CPU
		{E4EFFA70-CEBC-485C-9652-897852CC8EAE}.Debug|Any CPU.ActiveCfg = Debug|Any CPU
		{E4EFFA70-CEBC-485C-9652-897852CC8EAE}.Debug|Any CPU.Build.0 = Debug|Any CPU
		{E4EFFA70-CEBC-485C-9652-897852CC8EAE}.Debug|x64.ActiveCfg = Debug|Any CPU
		{E4EFFA70-CEBC-485C-9652-897852CC8EAE}.Debug|x64.Build.0 = Debug|Any CPU
		{E4EFFA70-CEBC-485C-9652-897852CC8EAE}.Debug|x86.ActiveCfg = Debug|Any CPU
		{E4EFFA70-CEBC-485C-9652-897852CC8EAE}.Debug|x86.Build.0 = Debug|Any CPU
		{E4EFFA70-CEBC-485C-9652-897852CC8EAE}.Release|Any CPU.ActiveCfg = Release|Any CPU
		{E4EFFA70-CEBC-485C-9652-897852CC8EAE}.Release|Any CPU.Build.0 = Release|Any CPU
		{E4EFFA70-CEBC-485C-9652-897852CC8EAE}.Release|x64.ActiveCfg = Release|Any CPU
		{E4EFFA70-CEBC-485C-9652-897852CC8EAE}.Release|x64.Build.0 = Release|Any CPU
		{E4EFFA70-CEBC-485C-9652-897852CC8EAE}.Release|x86.ActiveCfg = Release|Any CPU
		{E4EFFA70-CEBC-485C-9652-897852CC8EAE}.Release|x86.Build.0 = Release|Any CPU
		{A482CCE5-BC09-45C0-AF20-20AE05526C29}.Debug|Any CPU.ActiveCfg = Debug|Any CPU
		{A482CCE5-BC09-45C0-AF20-20AE05526C29}.Debug|Any CPU.Build.0 = Debug|Any CPU
		{A482CCE5-BC09-45C0-AF20-20AE05526C29}.Debug|x64.ActiveCfg = Debug|Any CPU
		{A482CCE5-BC09-45C0-AF20-20AE05526C29}.Debug|x64.Build.0 = Debug|Any CPU
		{A482CCE5-BC09-45C0-AF20-20AE05526C29}.Debug|x86.ActiveCfg = Debug|Any CPU
		{A482CCE5-BC09-45C0-AF20-20AE05526C29}.Debug|x86.Build.0 = Debug|Any CPU
		{A482CCE5-BC09-45C0-AF20-20AE05526C29}.Release|Any CPU.ActiveCfg = Release|Any CPU
		{A482CCE5-BC09-45C0-AF20-20AE05526C29}.Release|Any CPU.Build.0 = Release|Any CPU
		{A482CCE5-BC09-45C0-AF20-20AE05526C29}.Release|x64.ActiveCfg = Release|Any CPU
		{A482CCE5-BC09-45C0-AF20-20AE05526C29}.Release|x64.Build.0 = Release|Any CPU
		{A482CCE5-BC09-45C0-AF20-20AE05526C29}.Release|x86.ActiveCfg = Release|Any CPU
		{A482CCE5-BC09-45C0-AF20-20AE05526C29}.Release|x86.Build.0 = Release|Any CPU
		{211511D2-9624-4FF5-979C-EEBB78A5173C}.Debug|Any CPU.ActiveCfg = Debug|Any CPU
		{211511D2-9624-4FF5-979C-EEBB78A5173C}.Debug|Any CPU.Build.0 = Debug|Any CPU
		{211511D2-9624-4FF5-979C-EEBB78A5173C}.Debug|x64.ActiveCfg = Debug|Any CPU
		{211511D2-9624-4FF5-979C-EEBB78A5173C}.Debug|x64.Build.0 = Debug|Any CPU
		{211511D2-9624-4FF5-979C-EEBB78A5173C}.Debug|x86.ActiveCfg = Debug|Any CPU
		{211511D2-9624-4FF5-979C-EEBB78A5173C}.Debug|x86.Build.0 = Debug|Any CPU
		{211511D2-9624-4FF5-979C-EEBB78A5173C}.Release|Any CPU.ActiveCfg = Release|Any CPU
		{211511D2-9624-4FF5-979C-EEBB78A5173C}.Release|Any CPU.Build.0 = Release|Any CPU
		{211511D2-9624-4FF5-979C-EEBB78A5173C}.Release|x64.ActiveCfg = Release|Any CPU
		{211511D2-9624-4FF5-979C-EEBB78A5173C}.Release|x64.Build.0 = Release|Any CPU
		{211511D2-9624-4FF5-979C-EEBB78A5173C}.Release|x86.ActiveCfg = Release|Any CPU
		{211511D2-9624-4FF5-979C-EEBB78A5173C}.Release|x86.Build.0 = Release|Any CPU
		{1892C7D2-6C01-498A-B96D-88CCE7017417}.Debug|Any CPU.ActiveCfg = Debug|Any CPU
		{1892C7D2-6C01-498A-B96D-88CCE7017417}.Debug|Any CPU.Build.0 = Debug|Any CPU
		{1892C7D2-6C01-498A-B96D-88CCE7017417}.Debug|x64.ActiveCfg = Debug|Any CPU
		{1892C7D2-6C01-498A-B96D-88CCE7017417}.Debug|x64.Build.0 = Debug|Any CPU
		{1892C7D2-6C01-498A-B96D-88CCE7017417}.Debug|x86.ActiveCfg = Debug|Any CPU
		{1892C7D2-6C01-498A-B96D-88CCE7017417}.Debug|x86.Build.0 = Debug|Any CPU
		{1892C7D2-6C01-498A-B96D-88CCE7017417}.Release|Any CPU.ActiveCfg = Release|Any CPU
		{1892C7D2-6C01-498A-B96D-88CCE7017417}.Release|Any CPU.Build.0 = Release|Any CPU
		{1892C7D2-6C01-498A-B96D-88CCE7017417}.Release|x64.ActiveCfg = Release|Any CPU
		{1892C7D2-6C01-498A-B96D-88CCE7017417}.Release|x64.Build.0 = Release|Any CPU
		{1892C7D2-6C01-498A-B96D-88CCE7017417}.Release|x86.ActiveCfg = Release|Any CPU
		{1892C7D2-6C01-498A-B96D-88CCE7017417}.Release|x86.Build.0 = Release|Any CPU
	EndGlobalSection
	GlobalSection(SolutionProperties) = preSolution
		HideSolutionNode = FALSE
	EndGlobalSection
	GlobalSection(NestedProjects) = preSolution
		{6AD0DF73-D115-40E1-B017-12275538046B} = {827E0CD3-B72D-47B6-A68D-7590B98EB39B}
		{E4EFFA70-CEBC-485C-9652-897852CC8EAE} = {827E0CD3-B72D-47B6-A68D-7590B98EB39B}
		{A482CCE5-BC09-45C0-AF20-20AE05526C29} = {827E0CD3-B72D-47B6-A68D-7590B98EB39B}
		{211511D2-9624-4FF5-979C-EEBB78A5173C} = {827E0CD3-B72D-47B6-A68D-7590B98EB39B}
		{1892C7D2-6C01-498A-B96D-88CCE7017417} = {827E0CD3-B72D-47B6-A68D-7590B98EB39B}
	EndGlobalSection
	GlobalSection(ExtensibilityGlobals) = postSolution
		SolutionGuid = {225E412D-78DA-44B0-B42C-8B9A337B6C68}
	EndGlobalSection
EndGlobal
